
Microsoft Visual Studio Solution File, Format Version 12.00
# Visual Studio Version 17
VisualStudioVersion = 17.7.34031.279
MinimumVisualStudioVersion = 10.0.40219.1
Project("{9A19103F-16F7-4668-BE54-9A1E7A4F7556}") = "MainApplication", "MainApplication\MainApplication.csproj", "{33CD1620-AB0D-46D2-8B08-4D274D09418D}"
EndProject
Project("{FAE04EC0-301F-11D3-BF4B-00C04F79EFBC}") = "Systempunk", "Systempunk\Systempunk.csproj", "{D7CDCF6D-4945-4309-9801-D5CB7CE300BC}"
EndProject
Global
	GlobalSection(SolutionConfigurationPlatforms) = preSolution
		Debug|Any CPU = Debug|Any CPU
		Release|Any CPU = Release|Any CPU
	EndGlobalSection
	GlobalSection(ProjectConfigurationPlatforms) = postSolution
		{33CD1620-AB0D-46D2-8B08-4D274D09418D}.Debug|Any CPU.ActiveCfg = Debug|Any CPU
		{33CD1620-AB0D-46D2-8B08-4D274D09418D}.Debug|Any CPU.Build.0 = Debug|Any CPU
		{33CD1620-AB0D-46D2-8B08-4D274D09418D}.Release|Any CPU.ActiveCfg = Release|Any CPU
		{33CD1620-AB0D-46D2-8B08-4D274D09418D}.Release|Any CPU.Build.0 = Release|Any CPU
		{D7CDCF6D-4945-4309-9801-D5CB7CE300BC}.Debug|Any CPU.ActiveCfg = Debug|Any CPU
		{D7CDCF6D-4945-4309-9801-D5CB7CE300BC}.Debug|Any CPU.Build.0 = Debug|Any CPU
		{D7CDCF6D-4945-4309-9801-D5CB7CE300BC}.Release|Any CPU.ActiveCfg = Release|Any CPU
		{D7CDCF6D-4945-4309-9801-D5CB7CE300BC}.Release|Any CPU.Build.0 = Release|Any CPU
	EndGlobalSection
	GlobalSection(SolutionProperties) = preSolution
		HideSolutionNode = FALSE
	EndGlobalSection
	GlobalSection(ExtensibilityGlobals) = postSolution
		SolutionGuid = {27759238-811A-41C1-8C4F-1162BA5BC623}
	EndGlobalSection
EndGlobal
